
Microsoft Visual Studio Solution File, Format Version 12.00
# Visual Studio Version 17
VisualStudioVersion = 17.5.33530.505
MinimumVisualStudioVersion = 10.0.40219.1
Project("{9A19103F-16F7-4668-BE54-9A1E7A4F7556}") = "BiografProjekt.API", "BiografProjekt.API\BiografProjekt.API.csproj", "{95F2A86D-FE54-462C-ABE3-9690FAB70584}"
EndProject
Project("{9A19103F-16F7-4668-BE54-9A1E7A4F7556}") = "BiografProjekt.Repo", "BiografProjekt.Repo\BiografProjekt.Repo.csproj", "{1180615E-8F5A-4387-8945-53727E00A309}"
EndProject
Project("{FAE04EC0-301F-11D3-BF4B-00C04F79EFBC}") = "BiografProjekt.Test", "BiografProjekt.Test\BiografProjekt.Test.csproj", "{D7735DDD-24D0-4A48-B47C-4DD99998B60F}"
EndProject
Global
	GlobalSection(SolutionConfigurationPlatforms) = preSolution
		Debug|Any CPU = Debug|Any CPU
		Release|Any CPU = Release|Any CPU
	EndGlobalSection
	GlobalSection(ProjectConfigurationPlatforms) = postSolution
		{95F2A86D-FE54-462C-ABE3-9690FAB70584}.Debug|Any CPU.ActiveCfg = Debug|Any CPU
		{95F2A86D-FE54-462C-ABE3-9690FAB70584}.Debug|Any CPU.Build.0 = Debug|Any CPU
		{95F2A86D-FE54-462C-ABE3-9690FAB70584}.Release|Any CPU.ActiveCfg = Release|Any CPU
		{95F2A86D-FE54-462C-ABE3-9690FAB70584}.Release|Any CPU.Build.0 = Release|Any CPU
		{1180615E-8F5A-4387-8945-53727E00A309}.Debug|Any CPU.ActiveCfg = Debug|Any CPU
		{1180615E-8F5A-4387-8945-53727E00A309}.Debug|Any CPU.Build.0 = Debug|Any CPU
		{1180615E-8F5A-4387-8945-53727E00A309}.Release|Any CPU.ActiveCfg = Release|Any CPU
		{1180615E-8F5A-4387-8945-53727E00A309}.Release|Any CPU.Build.0 = Release|Any CPU
		{D7735DDD-24D0-4A48-B47C-4DD99998B60F}.Debug|Any CPU.ActiveCfg = Debug|Any CPU
		{D7735DDD-24D0-4A48-B47C-4DD99998B60F}.Debug|Any CPU.Build.0 = Debug|Any CPU
		{D7735DDD-24D0-4A48-B47C-4DD99998B60F}.Release|Any CPU.ActiveCfg = Release|Any CPU
		{D7735DDD-24D0-4A48-B47C-4DD99998B60F}.Release|Any CPU.Build.0 = Release|Any CPU
	EndGlobalSection
	GlobalSection(SolutionProperties) = preSolution
		HideSolutionNode = FALSE
	EndGlobalSection
	GlobalSection(ExtensibilityGlobals) = postSolution
		SolutionGuid = {05B66926-8DB8-406F-8677-65CCD61FC825}
	EndGlobalSection
EndGlobal
